
Microsoft Visual Studio Solution File, Format Version 12.00
# Visual Studio Version 16
VisualStudioVersion = 16.0.30011.22
MinimumVisualStudioVersion = 10.0.40219.1
Project("{9A19103F-16F7-4668-BE54-9A1E7A4F7556}") = "Web", "Web\Web.csproj", "{D126E7A4-DB4F-4D5A-9A70-3B0E63B83B37}"
EndProject
Project("{FAE04EC0-301F-11D3-BF4B-00C04F79EFBC}") = "Core", "Core\Core.csproj", "{CA62A6BE-7405-4326-9A5C-80E1BD6F0A94}"
EndProject
Project("{FAE04EC0-301F-11D3-BF4B-00C04F79EFBC}") = "Data", "Data\Data.csproj", "{215865B4-672D-45FF-9636-201E14DEAF30}"
EndProject
Global
	GlobalSection(SolutionConfigurationPlatforms) = preSolution
		Debug|Any CPU = Debug|Any CPU
		Release|Any CPU = Release|Any CPU
	EndGlobalSection
	GlobalSection(ProjectConfigurationPlatforms) = postSolution
		{D126E7A4-DB4F-4D5A-9A70-3B0E63B83B37}.Debug|Any CPU.ActiveCfg = Debug|Any CPU
		{D126E7A4-DB4F-4D5A-9A70-3B0E63B83B37}.Debug|Any CPU.Build.0 = Debug|Any CPU
		{D126E7A4-DB4F-4D5A-9A70-3B0E63B83B37}.Release|Any CPU.ActiveCfg = Release|Any CPU
		{D126E7A4-DB4F-4D5A-9A70-3B0E63B83B37}.Release|Any CPU.Build.0 = Release|Any CPU
		{CA62A6BE-7405-4326-9A5C-80E1BD6F0A94}.Debug|Any CPU.ActiveCfg = Debug|Any CPU
		{CA62A6BE-7405-4326-9A5C-80E1BD6F0A94}.Debug|Any CPU.Build.0 = Debug|Any CPU
		{CA62A6BE-7405-4326-9A5C-80E1BD6F0A94}.Release|Any CPU.ActiveCfg = Release|Any CPU
		{CA62A6BE-7405-4326-9A5C-80E1BD6F0A94}.Release|Any CPU.Build.0 = Release|Any CPU
		{215865B4-672D-45FF-9636-201E14DEAF30}.Debug|Any CPU.ActiveCfg = Debug|Any CPU
		{215865B4-672D-45FF-9636-201E14DEAF30}.Debug|Any CPU.Build.0 = Debug|Any CPU
		{215865B4-672D-45FF-9636-201E14DEAF30}.Release|Any CPU.ActiveCfg = Release|Any CPU
		{215865B4-672D-45FF-9636-201E14DEAF30}.Release|Any CPU.Build.0 = Release|Any CPU
	EndGlobalSection
	GlobalSection(SolutionProperties) = preSolution
		HideSolutionNode = FALSE
	EndGlobalSection
	GlobalSection(ExtensibilityGlobals) = postSolution
		SolutionGuid = {D55DE102-6DD3-4746-832D-FBE3621026CB}
	EndGlobalSection
EndGlobal
